
Microsoft Visual Studio Solution File, Format Version 12.00
Project("{FAE04EC0-301F-11D3-BF4B-00C04F79EFBC}") = "PayslipsFirstSolution", "PayslipsFirstSolution\PayslipsFirstSolution.csproj", "{204F7538-4268-410E-A76B-001650CF7575}"
EndProject
Global
	GlobalSection(SolutionConfigurationPlatforms) = preSolution
		Debug|Any CPU = Debug|Any CPU
		Release|Any CPU = Release|Any CPU
	EndGlobalSection
	GlobalSection(ProjectConfigurationPlatforms) = postSolution
		{204F7538-4268-410E-A76B-001650CF7575}.Debug|Any CPU.ActiveCfg = Debug|Any CPU
		{204F7538-4268-410E-A76B-001650CF7575}.Debug|Any CPU.Build.0 = Debug|Any CPU
		{204F7538-4268-410E-A76B-001650CF7575}.Release|Any CPU.ActiveCfg = Release|Any CPU
		{204F7538-4268-410E-A76B-001650CF7575}.Release|Any CPU.Build.0 = Release|Any CPU
	EndGlobalSection
EndGlobal
